{
  "version": 4,
  "terraform_version": "1.14.7",
  "serial": 15,
  "lineage": "f432e7b4-1ea4-273e-7769-055f6df51894",
  "outputs": {
    "vm_public_ip": {
      "value": "163.176.224.132",
      "type": "string"
    }
  },
  "resources": [
    {
      "mode": "managed",
      "type": "oci_core_instance",
      "name": "vm",
      "provider": "provider[\"registry.terraform.io/oracle/oci\"]",
      "instances": [
        {
          "schema_version": 0,
          "attributes": {
            "agent_config": [
              {
                "are_all_plugins_disabled": false,
                "is_management_disabled": false,
                "is_monitoring_disabled": false,
                "plugins_config": [
                  {
                    "desired_state": "DISABLED",
                    "name": "Vulnerability Scanning"
                  },
                  {
                    "desired_state": "DISABLED",
                    "name": "Management Agent"
                  },
                  {
                    "desired_state": "ENABLED",
                    "name": "Custom Logs Monitoring"
                  },
                  {
                    "desired_state": "DISABLED",
                    "name": "Compute RDMA GPU Monitoring"
                  },
                  {
                    "desired_state": "ENABLED",
                    "name": "Compute Instance Monitoring"
                  },
                  {
                    "desired_state": "DISABLED",
                    "name": "Compute HPC RDMA Auto-Configuration"
                  },
                  {
                    "desired_state": "DISABLED",
                    "name": "Compute HPC RDMA Authentication"
                  },
                  {
                    "desired_state": "ENABLED",
                    "name": "Cloud Guard Workload Protection"
                  },
                  {
                    "desired_state": "DISABLED",
                    "name": "Block Volume Management"
                  },
                  {
                    "desired_state": "DISABLED",
                    "name": "Bastion"
                  }
                ]
              }
            ],
            "async": null,
            "availability_config": [
              {
                "is_live_migration_preferred": false,
                "recovery_action": "RESTORE_INSTANCE"
              }
            ],
            "availability_domain": "rMtA:SA-SAOPAULO-1-AD-1",
            "boot_volume_id": "ocid1.bootvolume.oc1.sa-saopaulo-1.abtxeljrgawm6f66i7mlrp7ioywdow4vhdoxa26f72y7nkh6wunwlptq4xxa",
            "capacity_reservation_id": null,
            "cluster_placement_group_id": null,
            "compartment_id": "ocid1.tenancy.oc1..aaaaaaaaslnsatrxrdj3tq2bz7aushb23p4o6ah7tpnixgfitdfsgntrbzaq",
            "compute_cluster_id": null,
            "create_vnic_details": [
              {
                "assign_ipv6ip": false,
                "assign_private_dns_record": false,
                "assign_public_ip": "true",
                "defined_tags": {
                  "Oracle-Tags.CreatedBy": "default/bpm0110666@gmail.com",
                  "Oracle-Tags.CreatedOn": "2026-03-30T01:34:13.656Z"
                },
                "display_name": "devops-server",
                "freeform_tags": {},
                "hostname_label": "devops-server",
                "ipv6address_ipv6subnet_cidr_pair_details": [],
                "nsg_ids": [
                  "ocid1.networksecuritygroup.oc1.sa-saopaulo-1.aaaaaaaalqwqqwzrt5hrmwm57enx52byyq2di4qdoy5cidpje5uqpeupyaaq"
                ],
                "private_ip": "10.0.0.12",
                "security_attributes": {},
                "skip_source_dest_check": false,
                "subnet_id": "ocid1.subnet.oc1.sa-saopaulo-1.aaaaaaaaewkiytenjlblfhd7whwwnm2x5cbfiahqzuqkqhng2pfyxbjed5pa",
                "vlan_id": ""
              }
            ],
            "dedicated_vm_host_id": null,
            "defined_tags": {
              "Oracle-Tags.CreatedBy": "default/bpm0110666@gmail.com",
              "Oracle-Tags.CreatedOn": "2026-03-30T01:34:13.524Z"
            },
            "display_name": "devops-server",
            "extended_metadata": {},
            "fault_domain": "FAULT-DOMAIN-1",
            "freeform_tags": {},
            "hostname_label": "devops-server",
            "id": "ocid1.instance.oc1.sa-saopaulo-1.antxeljrb34tvzickmwhav4n3qg7tqnqdo5iajalkjwr6axukijliv4oapca",
            "image": "ocid1.image.oc1.sa-saopaulo-1.aaaaaaaagbb3ikg7maknou7bnigb34coc3hbgthknlfluaj4qypvnxkexsba",
            "instance_configuration_id": null,
            "instance_options": [
              {
                "are_legacy_imds_endpoints_disabled": false
              }
            ],
            "ipxe_script": null,
            "is_cross_numa_node": false,
            "is_pv_encryption_in_transit_enabled": null,
            "launch_mode": "PARAVIRTUALIZED",
            "launch_options": [
              {
                "boot_volume_type": "PARAVIRTUALIZED",
                "firmware": "UEFI_64",
                "is_consistent_volume_naming_enabled": true,
                "is_pv_encryption_in_transit_enabled": true,
                "network_type": "PARAVIRTUALIZED",
                "remote_data_volume_type": "PARAVIRTUALIZED"
              }
            ],
            "launch_volume_attachments": [],
            "licensing_configs": [],
            "metadata": {
              "ssh_authorized_keys": "ssh-rsa AAAAB3NzaC1yc2EAAAADAQABAAABAQCmvnEs8j5sV3pOyHuxk9aXE9heQ/5T2mXbxhbWY9KQnjMmXumLFMdOt/gz1TZMI/5e3LaQnCASf5rJIODmLsLvnhiXDR2sEd1qs5DyXaqiFx1/W2Ni8k/G4QvzSuLqZgHbppgK2VI8mPasGbMl/oihiVWXOsIGJ4TI/9vLfyX1qjIm8wuQS96aICEgmpY1PxNqbRC2tLWw8rz3cakMTN+XI4L3ptmFEhEMgZ2bFtYTv8I/2Hggh0Q5DjYxBtAJ9plvIQbNCMHeVcdukgyT2XfMUi/3O9cnh0sryyrK/J7ZHaqe+0JvkAIPrp/p86qaaasz4wF+kEhM7ROees0GzaG7 ssh-key-2026-03-30"
            },
            "platform_config": [],
            "preemptible_instance_config": [],
            "preserve_boot_volume": null,
            "preserve_data_volumes_created_at_launch": null,
            "private_ip": "10.0.0.12",
            "public_ip": "163.176.224.132",
            "region": "sa-saopaulo-1",
            "security_attributes": {},
            "security_attributes_state": "STABLE",
            "shape": "VM.Standard.E2.1.Micro",
            "shape_config": [
              {
                "baseline_ocpu_utilization": "",
                "gpu_description": "",
                "gpus": 0,
                "local_disk_description": "",
                "local_disks": 0,
                "local_disks_total_size_in_gbs": 0,
                "max_vnic_attachments": 1,
                "memory_in_gbs": 1,
                "networking_bandwidth_in_gbps": 0.47999998927116394,
                "nvmes": 0,
                "ocpus": 1,
                "processor_description": "2.0 GHz AMD EPYC™ 7551 (Naples)",
                "vcpus": 2
              }
            ],
            "source_details": [
              {
                "boot_volume_size_in_gbs": "47",
                "boot_volume_vpus_per_gb": "10",
                "instance_source_image_filter_details": [],
                "is_preserve_boot_volume_enabled": false,
                "kms_key_id": "",
                "source_id": "ocid1.image.oc1.sa-saopaulo-1.aaaaaaaagbb3ikg7maknou7bnigb34coc3hbgthknlfluaj4qypvnxkexsba",
                "source_type": "image"
              }
            ],
            "state": "RUNNING",
            "subnet_id": "ocid1.subnet.oc1.sa-saopaulo-1.aaaaaaaaewkiytenjlblfhd7whwwnm2x5cbfiahqzuqkqhng2pfyxbjed5pa",
            "system_tags": {
              "orcl-cloud.free-tier-retained": "true"
            },
            "time_created": "2026-03-30 01:34:14.046 +0000 UTC",
            "time_maintenance_reboot_due": "",
            "timeouts": null,
            "update_operation_constraint": null
          },
          "sensitive_attributes": [],
          "identity_schema_version": 0,
          "private": "eyJlMmJmYjczMC1lY2FhLTExZTYtOGY4OC0zNDM2M2JjN2M0YzAiOnsiY3JlYXRlIjoyNzAwMDAwMDAwMDAwLCJkZWxldGUiOjQ1MDAwMDAwMDAwMDAsInVwZGF0ZSI6MjcwMDAwMDAwMDAwMH0sInNjaGVtYV92ZXJzaW9uIjoiMCJ9"
        }
      ]
    },
    {
      "mode": "managed",
      "type": "oci_core_security_list",
      "name": "sl",
      "provider": "provider[\"registry.terraform.io/oracle/oci\"]",
      "instances": [
        {
          "schema_version": 0,
          "attributes": {
            "compartment_id": "ocid1.compartment.oc1..aaaaaaaaw73o5mss25kn2c3a654xqlp6t7tsw4xkhkds4tzcj66pii7hckza",
            "defined_tags": {
              "Oracle-Tags.CreatedBy": "default/bpm0110666@gmail.com",
              "Oracle-Tags.CreatedOn": "2026-04-03T23:39:28.108Z"
            },
            "display_name": "devops-sl",
            "egress_security_rules": [
              {
                "description": "",
                "destination": "0.0.0.0/0",
                "destination_type": "CIDR_BLOCK",
                "icmp_options": [],
                "protocol": "all",
                "stateless": false,
                "tcp_options": [],
                "udp_options": []
              }
            ],
            "freeform_tags": {},
            "id": "ocid1.securitylist.oc1.sa-saopaulo-1.aaaaaaaag4ve5edvwvim2my5ht73i56wkyxe5ibtpnwgwof2mk42gmfg6wta",
            "ingress_security_rules": [
              {
                "description": "",
                "icmp_options": [],
                "protocol": "6",
                "source": "0.0.0.0/0",
                "source_type": "CIDR_BLOCK",
                "stateless": false,
                "tcp_options": [
                  {
                    "max": 22,
                    "min": 22,
                    "source_port_range": []
                  }
                ],
                "udp_options": []
              },
              {
                "description": "",
                "icmp_options": [],
                "protocol": "6",
                "source": "0.0.0.0/0",
                "source_type": "CIDR_BLOCK",
                "stateless": false,
                "tcp_options": [
                  {
                    "max": 443,
                    "min": 443,
                    "source_port_range": []
                  }
                ],
                "udp_options": []
              },
              {
                "description": "",
                "icmp_options": [],
                "protocol": "6",
                "source": "0.0.0.0/0",
                "source_type": "CIDR_BLOCK",
                "stateless": false,
                "tcp_options": [
                  {
                    "max": 80,
                    "min": 80,
                    "source_port_range": []
                  }
                ],
                "udp_options": []
              }
            ],
            "state": "AVAILABLE",
            "time_created": "2026-04-03 23:39:28.15 +0000 UTC",
            "timeouts": null,
            "vcn_id": "ocid1.vcn.oc1.sa-saopaulo-1.amaaaaaab34tvzia4ysxllpldrru4eb3etms7nxeixadmrqt5gukqsh6j2ba"
          },
          "sensitive_attributes": [],
          "identity_schema_version": 0,
          "private": "eyJlMmJmYjczMC1lY2FhLTExZTYtOGY4OC0zNDM2M2JjN2M0YzAiOnsiY3JlYXRlIjoxMjAwMDAwMDAwMDAwLCJkZWxldGUiOjEyMDAwMDAwMDAwMDAsInVwZGF0ZSI6MTIwMDAwMDAwMDAwMH19"
        }
      ]
    },
    {
      "mode": "managed",
      "type": "oci_core_subnet",
      "name": "publica",
      "provider": "provider[\"registry.terraform.io/oracle/oci\"]",
      "instances": [
        {
          "schema_version": 0,
          "attributes": {
            "availability_domain": null,
            "cidr_block": "10.0.1.0/24",
            "compartment_id": "ocid1.compartment.oc1..aaaaaaaaw73o5mss25kn2c3a654xqlp6t7tsw4xkhkds4tzcj66pii7hckza",
            "defined_tags": {
              "Oracle-Tags.CreatedBy": "default/bpm0110666@gmail.com",
              "Oracle-Tags.CreatedOn": "2026-04-03T19:14:04.508Z"
            },
            "dhcp_options_id": "ocid1.dhcpoptions.oc1.sa-saopaulo-1.aaaaaaaaowwxml5367eqkj3yjpjjqleb3cfcgec5hrwune4j4wgnetzhv7na",
            "display_name": "devops-subnet",
            "dns_label": "devopssubnet",
            "freeform_tags": {},
            "id": "ocid1.subnet.oc1.sa-saopaulo-1.aaaaaaaaksodi5bgzo6znf5qij6cnoz46romyap4ysmefpg2esix2l3weq3q",
            "ipv6cidr_block": null,
            "ipv6cidr_blocks": [],
            "ipv6virtual_router_ip": null,
            "prohibit_internet_ingress": false,
            "prohibit_public_ip_on_vnic": false,
            "route_table_id": "ocid1.routetable.oc1.sa-saopaulo-1.aaaaaaaaeutwvzamjptp3geied3trjxeb7cga6dalyq4qoxkzyzn5kflb2ra",
            "security_list_ids": [
              "ocid1.securitylist.oc1.sa-saopaulo-1.aaaaaaaaldy7xcjlnrftazvdnxdnfszhlwrgx54daylz5ijmz6h3ijkstq4q"
            ],
            "state": "AVAILABLE",
            "subnet_domain_name": "devopssubnet.devopsvcn.oraclevcn.com",
            "time_created": "2026-04-03 19:14:04.553 +0000 UTC",
            "timeouts": null,
            "vcn_id": "ocid1.vcn.oc1.sa-saopaulo-1.amaaaaaab34tvzia4ysxllpldrru4eb3etms7nxeixadmrqt5gukqsh6j2ba",
            "virtual_router_ip": "10.0.1.1",
            "virtual_router_mac": "00:00:17:31:DF:0E"
          },
          "sensitive_attributes": [],
          "identity_schema_version": 0,
          "private": "eyJlMmJmYjczMC1lY2FhLTExZTYtOGY4OC0zNDM2M2JjN2M0YzAiOnsiY3JlYXRlIjoxMjAwMDAwMDAwMDAwLCJkZWxldGUiOjEyMDAwMDAwMDAwMDAsInVwZGF0ZSI6MTIwMDAwMDAwMDAwMH19"
        }
      ]
    },
    {
      "mode": "managed",
      "type": "oci_identity_compartment",
      "name": "devops",
      "provider": "provider[\"registry.terraform.io/oracle/oci\"]",
      "instances": [
        {
          "schema_version": 0,
          "attributes": {
            "compartment_id": "ocid1.tenancy.oc1..aaaaaaaaslnsatrxrdj3tq2bz7aushb23p4o6ah7tpnixgfitdfsgntrbzaq",
            "defined_tags": {
              "Oracle-Tags.CreatedBy": "default/bpm0110666@gmail.com",
              "Oracle-Tags.CreatedOn": "2026-04-03T16:35:10.631Z"
            },
            "description": "Project devops resources",
            "enable_delete": null,
            "freeform_tags": {},
            "id": "ocid1.compartment.oc1..aaaaaaaaw73o5mss25kn2c3a654xqlp6t7tsw4xkhkds4tzcj66pii7hckza",
            "inactive_state": null,
            "is_accessible": true,
            "name": "devops",
            "state": "ACTIVE",
            "time_created": "2026-04-03 16:35:10.67 +0000 UTC",
            "timeouts": null
          },
          "sensitive_attributes": [],
          "identity_schema_version": 0,
          "private": "eyJlMmJmYjczMC1lY2FhLTExZTYtOGY4OC0zNDM2M2JjN2M0YzAiOnsiZGVsZXRlIjo1NDAwMDAwMDAwMDAwfX0="
        }
      ]
    },
    {
      "module": "module.network",
      "mode": "managed",
      "type": "oci_core_internet_gateway",
      "name": "gateway",
      "provider": "provider[\"registry.terraform.io/oracle/oci\"]",
      "instances": [
        {
          "schema_version": 0,
          "attributes": {
            "compartment_id": "ocid1.compartment.oc1..aaaaaaaaw73o5mss25kn2c3a654xqlp6t7tsw4xkhkds4tzcj66pii7hckza",
            "defined_tags": {
              "Oracle-Tags.CreatedBy": "default/bpm0110666@gmail.com",
              "Oracle-Tags.CreatedOn": "2026-04-03T18:57:33.482Z"
            },
            "display_name": "gateway",
            "enabled": true,
            "freeform_tags": {},
            "id": "ocid1.internetgateway.oc1.sa-saopaulo-1.aaaaaaaalt47chqfoy6qkdccjxumg37byqholrrnfegexh4xbyllperzyula",
            "route_table_id": null,
            "state": "AVAILABLE",
            "time_created": "2026-04-03 18:57:33.523 +0000 UTC",
            "timeouts": null,
            "vcn_id": "ocid1.vcn.oc1.sa-saopaulo-1.amaaaaaab34tvzia4ysxllpldrru4eb3etms7nxeixadmrqt5gukqsh6j2ba"
          },
          "sensitive_attributes": [],
          "identity_schema_version": 0,
          "private": "eyJlMmJmYjczMC1lY2FhLTExZTYtOGY4OC0zNDM2M2JjN2M0YzAiOnsiY3JlYXRlIjoxMjAwMDAwMDAwMDAwLCJkZWxldGUiOjEyMDAwMDAwMDAwMDAsInVwZGF0ZSI6MTIwMDAwMDAwMDAwMH19"
        }
      ]
    },
    {
      "module": "module.network",
      "mode": "managed",
      "type": "oci_core_route_table",
      "name": "rt",
      "provider": "provider[\"registry.terraform.io/oracle/oci\"]",
      "instances": [
        {
          "schema_version": 0,
          "attributes": {
            "compartment_id": "ocid1.compartment.oc1..aaaaaaaaw73o5mss25kn2c3a654xqlp6t7tsw4xkhkds4tzcj66pii7hckza",
            "defined_tags": {
              "Oracle-Tags.CreatedBy": "default/bpm0110666@gmail.com",
              "Oracle-Tags.CreatedOn": "2026-04-03T19:14:03.968Z"
            },
            "display_name": "devops-rt",
            "freeform_tags": {},
            "id": "ocid1.routetable.oc1.sa-saopaulo-1.aaaaaaaaeutwvzamjptp3geied3trjxeb7cga6dalyq4qoxkzyzn5kflb2ra",
            "route_rules": [
              {
                "cidr_block": "",
                "description": "",
                "destination": "0.0.0.0/0",
                "destination_type": "CIDR_BLOCK",
                "network_entity_id": "ocid1.internetgateway.oc1.sa-saopaulo-1.aaaaaaaalt47chqfoy6qkdccjxumg37byqholrrnfegexh4xbyllperzyula",
                "route_type": ""
              }
            ],
            "state": "AVAILABLE",
            "time_created": "2026-04-03 19:14:04.001 +0000 UTC",
            "timeouts": null,
            "vcn_id": "ocid1.vcn.oc1.sa-saopaulo-1.amaaaaaab34tvzia4ysxllpldrru4eb3etms7nxeixadmrqt5gukqsh6j2ba"
          },
          "sensitive_attributes": [],
          "identity_schema_version": 0,
          "private": "eyJlMmJmYjczMC1lY2FhLTExZTYtOGY4OC0zNDM2M2JjN2M0YzAiOnsiY3JlYXRlIjoxMjAwMDAwMDAwMDAwLCJkZWxldGUiOjEyMDAwMDAwMDAwMDAsInVwZGF0ZSI6MTIwMDAwMDAwMDAwMH19"
        }
      ]
    },
    {
      "module": "module.network",
      "mode": "managed",
      "type": "oci_core_vcn",
      "name": "rede",
      "provider": "provider[\"registry.terraform.io/oracle/oci\"]",
      "instances": [
        {
          "schema_version": 0,
          "attributes": {
            "byoipv6cidr_blocks": [],
            "byoipv6cidr_details": [],
            "cidr_block": "10.0.0.0/16",
            "cidr_blocks": [
              "10.0.0.0/16"
            ],
            "compartment_id": "ocid1.compartment.oc1..aaaaaaaaw73o5mss25kn2c3a654xqlp6t7tsw4xkhkds4tzcj66pii7hckza",
            "default_dhcp_options_id": "ocid1.dhcpoptions.oc1.sa-saopaulo-1.aaaaaaaaowwxml5367eqkj3yjpjjqleb3cfcgec5hrwune4j4wgnetzhv7na",
            "default_route_table_id": "ocid1.routetable.oc1.sa-saopaulo-1.aaaaaaaabkofnsobrmpkxp6wx66d6qhipomlqemxsivicfw7yqq3adyt7pyq",
            "default_security_list_id": "ocid1.securitylist.oc1.sa-saopaulo-1.aaaaaaaaldy7xcjlnrftazvdnxdnfszhlwrgx54daylz5ijmz6h3ijkstq4q",
            "defined_tags": {
              "Oracle-Tags.CreatedBy": "default/bpm0110666@gmail.com",
              "Oracle-Tags.CreatedOn": "2026-04-03T18:33:03.374Z"
            },
            "display_name": "devops-vcn",
            "dns_label": "devopsvcn",
            "freeform_tags": {},
            "id": "ocid1.vcn.oc1.sa-saopaulo-1.amaaaaaab34tvzia4ysxllpldrru4eb3etms7nxeixadmrqt5gukqsh6j2ba",
            "ipv6cidr_blocks": [],
            "ipv6private_cidr_blocks": [],
            "is_ipv6enabled": false,
            "is_oracle_gua_allocation_enabled": null,
            "security_attributes": {},
            "state": "AVAILABLE",
            "time_created": "2026-04-03 18:33:03.436 +0000 UTC",
            "timeouts": null,
            "vcn_domain_name": "devopsvcn.oraclevcn.com"
          },
          "sensitive_attributes": [],
          "identity_schema_version": 0,
          "private": "eyJlMmJmYjczMC1lY2FhLTExZTYtOGY4OC0zNDM2M2JjN2M0YzAiOnsiY3JlYXRlIjoxMjAwMDAwMDAwMDAwLCJkZWxldGUiOjEyMDAwMDAwMDAwMDAsInVwZGF0ZSI6MTIwMDAwMDAwMDAwMH19",
          "dependencies": [
            "oci_identity_compartment.devops"
          ]
        }
      ]
    }
  ],
  "check_results": null
}
